// !$*UTF8*$!
{
	archiveVersion = 1;
	classes = {
	};
	objectVersion = 46;
	objects = {

/* Begin PBXBuildFile section */
		270328B21850C83D00D90B7C /* delete-emoji.png in Resources */ = {isa = PBXBuildFile; fileRef = 270328B11850C83D00D90B7C /* delete-emoji.png */; };
		2714663C18424F03000376F9 /* UserInfoCell.m in Sources */ = {isa = PBXBuildFile; fileRef = 2714663B18424F03000376F9 /* UserInfoCell.m */; };
		2714663E18424F18000376F9 /* UserInfoCell.xib in Resources */ = {isa = PBXBuildFile; fileRef = 2714663D18424F18000376F9 /* UserInfoCell.xib */; };
		2714664018424F54000376F9 /* UserBasicNumberCell.xib in Resources */ = {isa = PBXBuildFile; fileRef = 2714663F18424F54000376F9 /* UserBasicNumberCell.xib */; };
		2714664318424F76000376F9 /* UserBasicNumberCell.m in Sources */ = {isa = PBXBuildFile; fileRef = 2714664218424F76000376F9 /* UserBasicNumberCell.m */; };
		271466461842507A000376F9 /* WeiboSimpleCell.m in Sources */ = {isa = PBXBuildFile; fileRef = 271466451842507A000376F9 /* WeiboSimpleCell.m */; };
		2714664818425097000376F9 /* WeiboSimpleCell.xib in Resources */ = {isa = PBXBuildFile; fileRef = 2714664718425097000376F9 /* WeiboSimpleCell.xib */; };
		2714664A18425195000376F9 /* WeiboTypeSelectorCell.xib in Resources */ = {isa = PBXBuildFile; fileRef = 2714664918425195000376F9 /* WeiboTypeSelectorCell.xib */; };
		2714664D184251A7000376F9 /* WeiboTypeSelectorCell.m in Sources */ = {isa = PBXBuildFile; fileRef = 2714664C184251A7000376F9 /* WeiboTypeSelectorCell.m */; };
		271EA35A17FD88B20069B2C9 /* Security.framework in Frameworks */ = {isa = PBXBuildFile; fileRef = 271EA35917FD88B20069B2C9 /* Security.framework */; };
		271EA35C17FD88DB0069B2C9 /* CFNetwork.framework in Frameworks */ = {isa = PBXBuildFile; fileRef = 271EA35B17FD88DB0069B2C9 /* CFNetwork.framework */; };
		2737020F1835308D00016FB1 /* DataAdapter.m in Sources */ = {isa = PBXBuildFile; fileRef = 2737020E1835308D00016FB1 /* DataAdapter.m */; };
		2737E43A1850DD8900DAB262 /* SVSegmentedControl.m in Sources */ = {isa = PBXBuildFile; fileRef = 2737E4371850DD8900DAB262 /* SVSegmentedControl.m */; };
		2737E43B1850DD8900DAB262 /* SVSegmentedThumb.m in Sources */ = {isa = PBXBuildFile; fileRef = 2737E4391850DD8900DAB262 /* SVSegmentedThumb.m */; };
		2748FCD017F8738000A3B9ED /* Foundation.framework in Frameworks */ = {isa = PBXBuildFile; fileRef = 2748FCCF17F8738000A3B9ED /* Foundation.framework */; };
		2748FCD217F8738000A3B9ED /* CoreGraphics.framework in Frameworks */ = {isa = PBXBuildFile; fileRef = 2748FCD117F8738000A3B9ED /* CoreGraphics.framework */; };
		2748FCD417F8738000A3B9ED /* UIKit.framework in Frameworks */ = {isa = PBXBuildFile; fileRef = 2748FCD317F8738000A3B9ED /* UIKit.framework */; };
		2748FCDA17F8738000A3B9ED /* InfoPlist.strings in Resources */ = {isa = PBXBuildFile; fileRef = 2748FCD817F8738000A3B9ED /* InfoPlist.strings */; };
		2748FCDC17F8738000A3B9ED /* main.m in Sources */ = {isa = PBXBuildFile; fileRef = 2748FCDB17F8738000A3B9ED /* main.m */; };
		2748FCE017F8738000A3B9ED /* AppDelegate.m in Sources */ = {isa = PBXBuildFile; fileRef = 2748FCDF17F8738000A3B9ED /* AppDelegate.m */; };
		2748FCE617F8738000A3B9ED /* ViewController.m in Sources */ = {isa = PBXBuildFile; fileRef = 2748FCE517F8738000A3B9ED /* ViewController.m */; };
		2748FCE817F8738000A3B9ED /* Images.xcassets in Resources */ = {isa = PBXBuildFile; fileRef = 2748FCE717F8738000A3B9ED /* Images.xcassets */; };
		2748FCEF17F8738000A3B9ED /* XCTest.framework in Frameworks */ = {isa = PBXBuildFile; fileRef = 2748FCEE17F8738000A3B9ED /* XCTest.framework */; };
		2748FCF017F8738000A3B9ED /* Foundation.framework in Frameworks */ = {isa = PBXBuildFile; fileRef = 2748FCCF17F8738000A3B9ED /* Foundation.framework */; };
		2748FCF117F8738000A3B9ED /* UIKit.framework in Frameworks */ = {isa = PBXBuildFile; fileRef = 2748FCD317F8738000A3B9ED /* UIKit.framework */; };
		276D7C241837ABC800C0B4BC /* bg_line.png in Resources */ = {isa = PBXBuildFile; fileRef = 276D7C231837ABC800C0B4BC /* bg_line.png */; };
		276FFAB01843AAF600D41EB6 /* NewWeiboViewController.m in Sources */ = {isa = PBXBuildFile; fileRef = 276FFAAE1843AAF600D41EB6 /* NewWeiboViewController.m */; };
		276FFAB11843AAF600D41EB6 /* NewWeiboViewController.xib in Resources */ = {isa = PBXBuildFile; fileRef = 276FFAAF1843AAF600D41EB6 /* NewWeiboViewController.xib */; };
		27AB3DB01837A3010011BB18 /* RoundImageView.m in Sources */ = {isa = PBXBuildFile; fileRef = 27AB3DAF1837A3010011BB18 /* RoundImageView.m */; };
		27AB3DB31837A4440011BB18 /* WeiboImageCreator.m in Sources */ = {isa = PBXBuildFile; fileRef = 27AB3DB21837A4440011BB18 /* WeiboImageCreator.m */; };
		FB0136E5182E70970006DFB9 /* comments.png in Resources */ = {isa = PBXBuildFile; fileRef = FB0136E3182E70970006DFB9 /* comments.png */; };
		FB0136E6182E70970006DFB9 /* comments@2x.png in Resources */ = {isa = PBXBuildFile; fileRef = FB0136E4182E70970006DFB9 /* comments@2x.png */; };
		FB255BD618228A6C00A0008B /* MainPageViewController.m in Sources */ = {isa = PBXBuildFile; fileRef = FB255BD418228A6C00A0008B /* MainPageViewController.m */; };
		FB255BD718228A6C00A0008B /* MainPageViewController.xib in Resources */ = {isa = PBXBuildFile; fileRef = FB255BD518228A6C00A0008B /* MainPageViewController.xib */; };
		FB255BE018228C0700A0008B /* MessageViewController.m in Sources */ = {isa = PBXBuildFile; fileRef = FB255BDE18228C0700A0008B /* MessageViewController.m */; };
		FB255BE118228C0700A0008B /* MessageViewController.xib in Resources */ = {isa = PBXBuildFile; fileRef = FB255BDF18228C0700A0008B /* MessageViewController.xib */; };
		FB255BE518228C1B00A0008B /* PersonViewController.m in Sources */ = {isa = PBXBuildFile; fileRef = FB255BE318228C1B00A0008B /* PersonViewController.m */; };
		FB255BE618228C1B00A0008B /* PersonViewController.xib in Resources */ = {isa = PBXBuildFile; fileRef = FB255BE418228C1B00A0008B /* PersonViewController.xib */; };
		FB255BEA18228C2900A0008B /* MoreViewController.m in Sources */ = {isa = PBXBuildFile; fileRef = FB255BE818228C2900A0008B /* MoreViewController.m */; };
		FB255BEB18228C2900A0008B /* MoreViewController.xib in Resources */ = {isa = PBXBuildFile; fileRef = FB255BE918228C2900A0008B /* MoreViewController.xib */; };
		FB255BF618228D0E00A0008B /* MMDrawerBarButtonItem.m in Sources */ = {isa = PBXBuildFile; fileRef = FB255BEE18228D0E00A0008B /* MMDrawerBarButtonItem.m */; };
		FB255BF718228D0E00A0008B /* MMDrawerController.m in Sources */ = {isa = PBXBuildFile; fileRef = FB255BF118228D0E00A0008B /* MMDrawerController.m */; };
		FB255BF818228D0E00A0008B /* MMDrawerVisualState.m in Sources */ = {isa = PBXBuildFile; fileRef = FB255BF318228D0E00A0008B /* MMDrawerVisualState.m */; };
		FB255BF918228D0E00A0008B /* UIViewController+MMDrawerController.m in Sources */ = {isa = PBXBuildFile; fileRef = FB255BF518228D0E00A0008B /* UIViewController+MMDrawerController.m */; };
		FB255BFE18228D9B00A0008B /* LeftViewController.m in Sources */ = {isa = PBXBuildFile; fileRef = FB255BFC18228D9B00A0008B /* LeftViewController.m */; };
		FB255BFF18228D9B00A0008B /* LeftViewController.xib in Resources */ = {isa = PBXBuildFile; fileRef = FB255BFD18228D9B00A0008B /* LeftViewController.xib */; };
		FB3135751833869C00AFF3BC /* WeiboNetWork.m in Sources */ = {isa = PBXBuildFile; fileRef = FB3135741833869C00AFF3BC /* WeiboNetWork.m */; };
		FB4C01231833CE8B00EC97B1 /* FMDatabase.m in Sources */ = {isa = PBXBuildFile; fileRef = FB4C011A1833CE8B00EC97B1 /* FMDatabase.m */; };
		FB4C01241833CE8B00EC97B1 /* FMDatabaseAdditions.m in Sources */ = {isa = PBXBuildFile; fileRef = FB4C011C1833CE8B00EC97B1 /* FMDatabaseAdditions.m */; };
		FB4C01251833CE8B00EC97B1 /* FMDatabasePool.m in Sources */ = {isa = PBXBuildFile; fileRef = FB4C011E1833CE8B00EC97B1 /* FMDatabasePool.m */; };
		FB4C01261833CE8B00EC97B1 /* FMDatabaseQueue.m in Sources */ = {isa = PBXBuildFile; fileRef = FB4C01201833CE8B00EC97B1 /* FMDatabaseQueue.m */; };
		FB4C01271833CE8B00EC97B1 /* FMResultSet.m in Sources */ = {isa = PBXBuildFile; fileRef = FB4C01221833CE8B00EC97B1 /* FMResultSet.m */; };
		FB4C01291833CE9F00EC97B1 /* libsqlite3.dylib in Frameworks */ = {isa = PBXBuildFile; fileRef = FB4C01281833CE9F00EC97B1 /* libsqlite3.dylib */; };
		FB4C012C18346CCE00EC97B1 /* DTUser.m in Sources */ = {isa = PBXBuildFile; fileRef = FB4C012B18346CCE00EC97B1 /* DTUser.m */; };
		FB4C012F183498AF00EC97B1 /* DTWeibo.m in Sources */ = {isa = PBXBuildFile; fileRef = FB4C012E183498AF00EC97B1 /* DTWeibo.m */; };
		FB4C013218349E6000EC97B1 /* DTWeiboMedia.m in Sources */ = {isa = PBXBuildFile; fileRef = FB4C013118349E6000EC97B1 /* DTWeiboMedia.m */; };
		FB4C01381834A31800EC97B1 /* UIUser.m in Sources */ = {isa = PBXBuildFile; fileRef = FB4C01371834A31800EC97B1 /* UIUser.m */; };
		FB4C013B1834A43200EC97B1 /* UIWeibo.m in Sources */ = {isa = PBXBuildFile; fileRef = FB4C013A1834A43200EC97B1 /* UIWeibo.m */; };
		FB4C013E1834BF0200EC97B1 /* NotificationCenter.m in Sources */ = {isa = PBXBuildFile; fileRef = FB4C013D1834BF0200EC97B1 /* NotificationCenter.m */; };
		FB4C01411834C0A100EC97B1 /* AppInitialize.m in Sources */ = {isa = PBXBuildFile; fileRef = FB4C01401834C0A100EC97B1 /* AppInitialize.m */; };
		FB4E8B00184208C9004AE49F /* blackArrow.png in Resources */ = {isa = PBXBuildFile; fileRef = FB4E8AFF184208C9004AE49F /* blackArrow.png */; };
		FB4FDE91181F948100FF9331 /* AFHTTPRequestOperation.m in Sources */ = {isa = PBXBuildFile; fileRef = FB4FDE7F181F948100FF9331 /* AFHTTPRequestOperation.m */; };
		FB4FDE92181F948100FF9331 /* AFHTTPRequestOperationManager.m in Sources */ = {isa = PBXBuildFile; fileRef = FB4FDE81181F948100FF9331 /* AFHTTPRequestOperationManager.m */; };
		FB4FDE93181F948100FF9331 /* AFHTTPSessionManager.m in Sources */ = {isa = PBXBuildFile; fileRef = FB4FDE83181F948100FF9331 /* AFHTTPSessionManager.m */; };
		FB4FDE94181F948100FF9331 /* AFNetworkReachabilityManager.m in Sources */ = {isa = PBXBuildFile; fileRef = FB4FDE86181F948100FF9331 /* AFNetworkReachabilityManager.m */; };
		FB4FDE95181F948100FF9331 /* AFSecurityPolicy.m in Sources */ = {isa = PBXBuildFile; fileRef = FB4FDE88181F948100FF9331 /* AFSecurityPolicy.m */; };
		FB4FDE96181F948100FF9331 /* AFURLConnectionOperation.m in Sources */ = {isa = PBXBuildFile; fileRef = FB4FDE8A181F948100FF9331 /* AFURLConnectionOperation.m */; };
		FB4FDE97181F948100FF9331 /* AFURLRequestSerialization.m in Sources */ = {isa = PBXBuildFile; fileRef = FB4FDE8C181F948100FF9331 /* AFURLRequestSerialization.m */; };
		FB4FDE98181F948100FF9331 /* AFURLResponseSerialization.m in Sources */ = {isa = PBXBuildFile; fileRef = FB4FDE8E181F948100FF9331 /* AFURLResponseSerialization.m */; };
		FB4FDE99181F948100FF9331 /* AFURLSessionManager.m in Sources */ = {isa = PBXBuildFile; fileRef = FB4FDE90181F948100FF9331 /* AFURLSessionManager.m */; };
		FB54789F181EA37800501B7A /* Storage.m in Sources */ = {isa = PBXBuildFile; fileRef = FB54789E181EA37800501B7A /* Storage.m */; };
		FB5D10C7182F7497006E1D01 /* KUnits.m in Sources */ = {isa = PBXBuildFile; fileRef = FB5D10C6182F7497006E1D01 /* KUnits.m */; };
		FB5D10CF182FAD6F006E1D01 /* avatar-1.png in Resources */ = {isa = PBXBuildFile; fileRef = FB5D10CD182FAD6F006E1D01 /* avatar-1.png */; };
		FB5D10D0182FAD6F006E1D01 /* avatar-0.png in Resources */ = {isa = PBXBuildFile; fileRef = FB5D10CE182FAD6F006E1D01 /* avatar-0.png */; };
		FB63266A1841DE4800B48E25 /* EGORefreshTableFooterView.m in Sources */ = {isa = PBXBuildFile; fileRef = FB6326631841DE4800B48E25 /* EGORefreshTableFooterView.m */; settings = {COMPILER_FLAGS = "-fno-objc-arc"; }; };
		FB63266B1841DE4800B48E25 /* EGORefreshTableHeaderView.m in Sources */ = {isa = PBXBuildFile; fileRef = FB6326651841DE4800B48E25 /* EGORefreshTableHeaderView.m */; settings = {COMPILER_FLAGS = "-fno-objc-arc"; }; };
		FB6CEAD5182CE62000C07414 /* WeiboTableCell.m in Sources */ = {isa = PBXBuildFile; fileRef = FB6CEAD4182CE62000C07414 /* WeiboTableCell.m */; };
		FB6CEAD7182CE63A00C07414 /* WeiboTableCell.xib in Resources */ = {isa = PBXBuildFile; fileRef = FB6CEAD6182CE63A00C07414 /* WeiboTableCell.xib */; };
		FB6CEAEF182D2E2D00C07414 /* tabbar_home.png in Resources */ = {isa = PBXBuildFile; fileRef = FB6CEAED182D2E2D00C07414 /* tabbar_home.png */; };
		FB6CEAF0182D2E2D00C07414 /* tabbar_home@2x.png in Resources */ = {isa = PBXBuildFile; fileRef = FB6CEAEE182D2E2D00C07414 /* tabbar_home@2x.png */; };
		FB6CEAF3182D2E9300C07414 /* tabbar_message.png in Resources */ = {isa = PBXBuildFile; fileRef = FB6CEAF1182D2E9300C07414 /* tabbar_message.png */; };
		FB6CEAF4182D2E9300C07414 /* tabbar_message@2x.png in Resources */ = {isa = PBXBuildFile; fileRef = FB6CEAF2182D2E9300C07414 /* tabbar_message@2x.png */; };
		FB6CEAF7182D2EB300C07414 /* tabbar_me.png in Resources */ = {isa = PBXBuildFile; fileRef = FB6CEAF5182D2EB300C07414 /* tabbar_me.png */; };
		FB6CEAF8182D2EB300C07414 /* tabbar_me@2x.png in Resources */ = {isa = PBXBuildFile; fileRef = FB6CEAF6182D2EB300C07414 /* tabbar_me@2x.png */; };
		FB6CEAFB182D2EF000C07414 /* tabbar_more.png in Resources */ = {isa = PBXBuildFile; fileRef = FB6CEAF9182D2EF000C07414 /* tabbar_more.png */; };
		FB6CEAFC182D2EF000C07414 /* tabbar_more@2x.png in Resources */ = {isa = PBXBuildFile; fileRef = FB6CEAFA182D2EF000C07414 /* tabbar_more@2x.png */; };
		FB75BF98181FF851006CA582 /* AFTextResponseSerializer.m in Sources */ = {isa = PBXBuildFile; fileRef = FB75BF97181FF851006CA582 /* AFTextResponseSerializer.m */; };
		FBC0D95B1830DB4800163C3C /* weibo-repost.html in Resources */ = {isa = PBXBuildFile; fileRef = FBC0D9591830DB4800163C3C /* weibo-repost.html */; };
		FBC0D95C1830DB4800163C3C /* weibo-simple.html in Resources */ = {isa = PBXBuildFile; fileRef = FBC0D95A1830DB4800163C3C /* weibo-simple.html */; };
		FBD28960184F7E79003150C3 /* CPTextViewPlaceholder.m in Sources */ = {isa = PBXBuildFile; fileRef = FBD2895F184F7E79003150C3 /* CPTextViewPlaceholder.m */; };
		FBD2C00D18334FD000BBE4AF /* AuthorizeViewController.m in Sources */ = {isa = PBXBuildFile; fileRef = FBD2C00B18334FD000BBE4AF /* AuthorizeViewController.m */; };
		FBD2C00E18334FD000BBE4AF /* AuthorizeViewController.xib in Resources */ = {isa = PBXBuildFile; fileRef = FBD2C00C18334FD000BBE4AF /* AuthorizeViewController.xib */; };
		FBE5E579184EF8D8004CFDDA /* Emoji-Default.bundle in Resources */ = {isa = PBXBuildFile; fileRef = FBE5E578184EF8D8004CFDDA /* Emoji-Default.bundle */; };
		FBE5E57F184EF8E6004CFDDA /* OLImage.m in Sources */ = {isa = PBXBuildFile; fileRef = FBE5E57C184EF8E6004CFDDA /* OLImage.m */; };
		FBE5E580184EF8E6004CFDDA /* OLImageView.m in Sources */ = {isa = PBXBuildFile; fileRef = FBE5E57E184EF8E6004CFDDA /* OLImageView.m */; };
		FBE5E584184EF8FF004CFDDA /* EmojiViewController.m in Sources */ = {isa = PBXBuildFile; fileRef = FBE5E582184EF8FF004CFDDA /* EmojiViewController.m */; };
		FBE5E585184EF8FF004CFDDA /* EmojiViewController.xib in Resources */ = {isa = PBXBuildFile; fileRef = FBE5E583184EF8FF004CFDDA /* EmojiViewController.xib */; };
		FBE5E588184EFAB5004CFDDA /* UICustomTapGestureRecognizer.m in Sources */ = {isa = PBXBuildFile; fileRef = FBE5E587184EFAB5004CFDDA /* UICustomTapGestureRecognizer.m */; };
/* End PBXBuildFile section */

/* Begin PBXContainerItemProxy section */
		2748FCF217F8738000A3B9ED /* PBXContainerItemProxy */ = {
			isa = PBXContainerItemProxy;
			containerPortal = 2748FCC417F8738000A3B9ED /* Project object */;
			proxyType = 1;
			remoteGlobalIDString = 2748FCCB17F8738000A3B9ED;
			remoteInfo = Keibo;
		};
/* End PBXContainerItemProxy section */

/* Begin PBXFileReference section */
		270328B11850C83D00D90B7C /* delete-emoji.png */ = {isa = PBXFileReference; lastKnownFileType = image.png; path = "delete-emoji.png"; sourceTree = "<group>"; };
		2714663A18424F03000376F9 /* UserInfoCell.h */ = {isa = PBXFileReference; fileEncoding = 4; lastKnownFileType = sourcecode.c.h; path = UserInfoCell.h; sourceTree = "<group>"; };
		2714663B18424F03000376F9 /* UserInfoCell.m */ = {isa = PBXFileReference; fileEncoding = 4; lastKnownFileType = sourcecode.c.objc; path = UserInfoCell.m; sourceTree = "<group>"; };
		2714663D18424F18000376F9 /* UserInfoCell.xib */ = {isa = PBXFileReference; fileEncoding = 4; lastKnownFileType = file.xib; path = UserInfoCell.xib; sourceTree = "<group>"; };
		2714663F18424F54000376F9 /* UserBasicNumberCell.xib */ = {isa = PBXFileReference; fileEncoding = 4; lastKnownFileType = file.xib; path = UserBasicNumberCell.xib; sourceTree = "<group>"; };
		2714664118424F76000376F9 /* UserBasicNumberCell.h */ = {isa = PBXFileReference; fileEncoding = 4; lastKnownFileType = sourcecode.c.h; path = UserBasicNumberCell.h; sourceTree = "<group>"; };
		2714664218424F76000376F9 /* UserBasicNumberCell.m */ = {isa = PBXFileReference; fileEncoding = 4; lastKnownFileType = sourcecode.c.objc; path = UserBasicNumberCell.m; sourceTree = "<group>"; };
		271466441842507A000376F9 /* WeiboSimpleCell.h */ = {isa = PBXFileReference; fileEncoding = 4; lastKnownFileType = sourcecode.c.h; path = WeiboSimpleCell.h; sourceTree = "<group>"; };
		271466451842507A000376F9 /* WeiboSimpleCell.m */ = {isa = PBXFileReference; fileEncoding = 4; lastKnownFileType = sourcecode.c.objc; path = WeiboSimpleCell.m; sourceTree = "<group>"; };
		2714664718425097000376F9 /* WeiboSimpleCell.xib */ = {isa = PBXFileReference; fileEncoding = 4; lastKnownFileType = file.xib; path = WeiboSimpleCell.xib; sourceTree = "<group>"; };
		2714664918425195000376F9 /* WeiboTypeSelectorCell.xib */ = {isa = PBXFileReference; fileEncoding = 4; lastKnownFileType = file.xib; path = WeiboTypeSelectorCell.xib; sourceTree = "<group>"; };
		2714664B184251A7000376F9 /* WeiboTypeSelectorCell.h */ = {isa = PBXFileReference; fileEncoding = 4; lastKnownFileType = sourcecode.c.h; path = WeiboTypeSelectorCell.h; sourceTree = "<group>"; };
		2714664C184251A7000376F9 /* WeiboTypeSelectorCell.m */ = {isa = PBXFileReference; fileEncoding = 4; lastKnownFileType = sourcecode.c.objc; path = WeiboTypeSelectorCell.m; sourceTree = "<group>"; };
		271EA35917FD88B20069B2C9 /* Security.framework */ = {isa = PBXFileReference; lastKnownFileType = wrapper.framework; name = Security.framework; path = System/Library/Frameworks/Security.framework; sourceTree = SDKROOT; };
		271EA35B17FD88DB0069B2C9 /* CFNetwork.framework */ = {isa = PBXFileReference; lastKnownFileType = wrapper.framework; name = CFNetwork.framework; path = System/Library/Frameworks/CFNetwork.framework; sourceTree = SDKROOT; };
		2737020D1835308D00016FB1 /* DataAdapter.h */ = {isa = PBXFileReference; fileEncoding = 4; lastKnownFileType = sourcecode.c.h; path = DataAdapter.h; sourceTree = "<group>"; };
		2737020E1835308D00016FB1 /* DataAdapter.m */ = {isa = PBXFileReference; fileEncoding = 4; lastKnownFileType = sourcecode.c.objc; path = DataAdapter.m; sourceTree = "<group>"; };
		2737E4361850DD8900DAB262 /* SVSegmentedControl.h */ = {isa = PBXFileReference; fileEncoding = 4; lastKnownFileType = sourcecode.c.h; path = SVSegmentedControl.h; sourceTree = "<group>"; };
		2737E4371850DD8900DAB262 /* SVSegmentedControl.m */ = {isa = PBXFileReference; fileEncoding = 4; lastKnownFileType = sourcecode.c.objc; path = SVSegmentedControl.m; sourceTree = "<group>"; };
		2737E4381850DD8900DAB262 /* SVSegmentedThumb.h */ = {isa = PBXFileReference; fileEncoding = 4; lastKnownFileType = sourcecode.c.h; path = SVSegmentedThumb.h; sourceTree = "<group>"; };
		2737E4391850DD8900DAB262 /* SVSegmentedThumb.m */ = {isa = PBXFileReference; fileEncoding = 4; lastKnownFileType = sourcecode.c.objc; path = SVSegmentedThumb.m; sourceTree = "<group>"; };
		2748FCCC17F8738000A3B9ED /* Keibo.app */ = {isa = PBXFileReference; explicitFileType = wrapper.application; includeInIndex = 0; path = Keibo.app; sourceTree = BUILT_PRODUCTS_DIR; };
		2748FCCF17F8738000A3B9ED /* Foundation.framework */ = {isa = PBXFileReference; lastKnownFileType = wrapper.framework; name = Foundation.framework; path = System/Library/Frameworks/Foundation.framework; sourceTree = SDKROOT; };
		2748FCD117F8738000A3B9ED /* CoreGraphics.framework */ = {isa = PBXFileReference; lastKnownFileType = wrapper.framework; name = CoreGraphics.framework; path = System/Library/Frameworks/CoreGraphics.framework; sourceTree = SDKROOT; };
		2748FCD317F8738000A3B9ED /* UIKit.framework */ = {isa = PBXFileReference; lastKnownFileType = wrapper.framework; name = UIKit.framework; path = System/Library/Frameworks/UIKit.framework; sourceTree = SDKROOT; };
		2748FCD717F8738000A3B9ED /* Keibo-Info.plist */ = {isa = PBXFileReference; lastKnownFileType = text.plist.xml; path = "Keibo-Info.plist"; sourceTree = "<group>"; };
		2748FCD917F8738000A3B9ED /* en */ = {isa = PBXFileReference; lastKnownFileType = text.plist.strings; name = en; path = en.lproj/InfoPlist.strings; sourceTree = "<group>"; };
		2748FCDB17F8738000A3B9ED /* main.m */ = {isa = PBXFileReference; lastKnownFileType = sourcecode.c.objc; path = main.m; sourceTree = "<group>"; };
		2748FCDD17F8738000A3B9ED /* Keibo-Prefix.pch */ = {isa = PBXFileReference; lastKnownFileType = sourcecode.c.h; path = "Keibo-Prefix.pch"; sourceTree = "<group>"; };
		2748FCDE17F8738000A3B9ED /* AppDelegate.h */ = {isa = PBXFileReference; lastKnownFileType = sourcecode.c.h; path = AppDelegate.h; sourceTree = "<group>"; };
		2748FCDF17F8738000A3B9ED /* AppDelegate.m */ = {isa = PBXFileReference; lastKnownFileType = sourcecode.c.objc; path = AppDelegate.m; sourceTree = "<group>"; };
		2748FCE417F8738000A3B9ED /* ViewController.h */ = {isa = PBXFileReference; lastKnownFileType = sourcecode.c.h; path = ViewController.h; sourceTree = "<group>"; };
		2748FCE517F8738000A3B9ED /* ViewController.m */ = {isa = PBXFileReference; lastKnownFileType = sourcecode.c.objc; path = ViewController.m; sourceTree = "<group>"; };
		2748FCE717F8738000A3B9ED /* Images.xcassets */ = {isa = PBXFileReference; lastKnownFileType = folder.assetcatalog; path = Images.xcassets; sourceTree = "<group>"; };
		2748FCED17F8738000A3B9ED /* KeiboTests.xctest */ = {isa = PBXFileReference; explicitFileType = wrapper.cfbundle; includeInIndex = 0; path = KeiboTests.xctest; sourceTree = BUILT_PRODUCTS_DIR; };
		2748FCEE17F8738000A3B9ED /* XCTest.framework */ = {isa = PBXFileReference; lastKnownFileType = wrapper.framework; name = XCTest.framework; path = Library/Frameworks/XCTest.framework; sourceTree = DEVELOPER_DIR; };
		276D7C231837ABC800C0B4BC /* bg_line.png */ = {isa = PBXFileReference; lastKnownFileType = image.png; path = bg_line.png; sourceTree = "<group>"; };
		276FFAAD1843AAF600D41EB6 /* NewWeiboViewController.h */ = {isa = PBXFileReference; fileEncoding = 4; lastKnownFileType = sourcecode.c.h; path = NewWeiboViewController.h; sourceTree = "<group>"; };
		276FFAAE1843AAF600D41EB6 /* NewWeiboViewController.m */ = {isa = PBXFileReference; fileEncoding = 4; lastKnownFileType = sourcecode.c.objc; path = NewWeiboViewController.m; sourceTree = "<group>"; };
		276FFAAF1843AAF600D41EB6 /* NewWeiboViewController.xib */ = {isa = PBXFileReference; fileEncoding = 4; lastKnownFileType = file.xib; path = NewWeiboViewController.xib; sourceTree = "<group>"; };
		27AB3DAE1837A3010011BB18 /* RoundImageView.h */ = {isa = PBXFileReference; fileEncoding = 4; lastKnownFileType = sourcecode.c.h; path = RoundImageView.h; sourceTree = "<group>"; };
		27AB3DAF1837A3010011BB18 /* RoundImageView.m */ = {isa = PBXFileReference; fileEncoding = 4; lastKnownFileType = sourcecode.c.objc; path = RoundImageView.m; sourceTree = "<group>"; };
		27AB3DB11837A4440011BB18 /* WeiboImageCreator.h */ = {isa = PBXFileReference; fileEncoding = 4; lastKnownFileType = sourcecode.c.h; path = WeiboImageCreator.h; sourceTree = "<group>"; };
		27AB3DB21837A4440011BB18 /* WeiboImageCreator.m */ = {isa = PBXFileReference; fileEncoding = 4; lastKnownFileType = sourcecode.c.objc; path = WeiboImageCreator.m; sourceTree = "<group>"; };
		FB0136E3182E70970006DFB9 /* comments.png */ = {isa = PBXFileReference; lastKnownFileType = image.png; path = comments.png; sourceTree = "<group>"; };
		FB0136E4182E70970006DFB9 /* comments@2x.png */ = {isa = PBXFileReference; lastKnownFileType = image.png; path = "comments@2x.png"; sourceTree = "<group>"; };
		FB255BD318228A6C00A0008B /* MainPageViewController.h */ = {isa = PBXFileReference; fileEncoding = 4; lastKnownFileType = sourcecode.c.h; path = MainPageViewController.h; sourceTree = "<group>"; };
		FB255BD418228A6C00A0008B /* MainPageViewController.m */ = {isa = PBXFileReference; fileEncoding = 4; lastKnownFileType = sourcecode.c.objc; path = MainPageViewController.m; sourceTree = "<group>"; };
		FB255BD518228A6C00A0008B /* MainPageViewController.xib */ = {isa = PBXFileReference; fileEncoding = 4; lastKnownFileType = file.xib; path = MainPageViewController.xib; sourceTree = "<group>"; };
		FB255BDD18228C0700A0008B /* MessageViewController.h */ = {isa = PBXFileReference; fileEncoding = 4; lastKnownFileType = sourcecode.c.h; path = MessageViewController.h; sourceTree = "<group>"; };
		FB255BDE18228C0700A0008B /* MessageViewController.m */ = {isa = PBXFileReference; fileEncoding = 4; lastKnownFileType = sourcecode.c.objc; path = MessageViewController.m; sourceTree = "<group>"; };
		FB255BDF18228C0700A0008B /* MessageViewController.xib */ = {isa = PBXFileReference; fileEncoding = 4; lastKnownFileType = file.xib; path = MessageViewController.xib; sourceTree = "<group>"; };
		FB255BE218228C1B00A0008B /* PersonViewController.h */ = {isa = PBXFileReference; fileEncoding = 4; lastKnownFileType = sourcecode.c.h; path = PersonViewController.h; sourceTree = "<group>"; };
		FB255BE318228C1B00A0008B /* PersonViewController.m */ = {isa = PBXFileReference; fileEncoding = 4; lastKnownFileType = sourcecode.c.objc; path = PersonViewController.m; sourceTree = "<group>"; };
		FB255BE418228C1B00A0008B /* PersonViewController.xib */ = {isa = PBXFileReference; fileEncoding = 4; lastKnownFileType = file.xib; path = PersonViewController.xib; sourceTree = "<group>"; };
		FB255BE718228C2900A0008B /* MoreViewController.h */ = {isa = PBXFileReference; fileEncoding = 4; lastKnownFileType = sourcecode.c.h; path = MoreViewController.h; sourceTree = "<group>"; };
		FB255BE818228C2900A0008B /* MoreViewController.m */ = {isa = PBXFileReference; fileEncoding = 4; lastKnownFileType = sourcecode.c.objc; path = MoreViewController.m; sourceTree = "<group>"; };
		FB255BE918228C2900A0008B /* MoreViewController.xib */ = {isa = PBXFileReference; fileEncoding = 4; lastKnownFileType = file.xib; path = MoreViewController.xib; sourceTree = "<group>"; };
		FB255BED18228D0E00A0008B /* MMDrawerBarButtonItem.h */ = {isa = PBXFileReference; fileEncoding = 4; lastKnownFileType = sourcecode.c.h; path = MMDrawerBarButtonItem.h; sourceTree = "<group>"; };
		FB255BEE18228D0E00A0008B /* MMDrawerBarButtonItem.m */ = {isa = PBXFileReference; fileEncoding = 4; lastKnownFileType = sourcecode.c.objc; path = MMDrawerBarButtonItem.m; sourceTree = "<group>"; };
		FB255BEF18228D0E00A0008B /* MMDrawerController+Subclass.h */ = {isa = PBXFileReference; fileEncoding = 4; lastKnownFileType = sourcecode.c.h; path = "MMDrawerController+Subclass.h"; sourceTree = "<group>"; };
		FB255BF018228D0E00A0008B /* MMDrawerController.h */ = {isa = PBXFileReference; fileEncoding = 4; lastKnownFileType = sourcecode.c.h; path = MMDrawerController.h; sourceTree = "<group>"; };
		FB255BF118228D0E00A0008B /* MMDrawerController.m */ = {isa = PBXFileReference; fileEncoding = 4; lastKnownFileType = sourcecode.c.objc; path = MMDrawerController.m; sourceTree = "<group>"; };
		FB255BF218228D0E00A0008B /* MMDrawerVisualState.h */ = {isa = PBXFileReference; fileEncoding = 4; lastKnownFileType = sourcecode.c.h; path = MMDrawerVisualState.h; sourceTree = "<group>"; };
		FB255BF318228D0E00A0008B /* MMDrawerVisualState.m */ = {isa = PBXFileReference; fileEncoding = 4; lastKnownFileType = sourcecode.c.objc; path = MMDrawerVisualState.m; sourceTree = "<group>"; };
		FB255BF418228D0E00A0008B /* UIViewController+MMDrawerController.h */ = {isa = PBXFileReference; fileEncoding = 4; lastKnownFileType = sourcecode.c.h; path = "UIViewController+MMDrawerController.h"; sourceTree = "<group>"; };
		FB255BF518228D0E00A0008B /* UIViewController+MMDrawerController.m */ = {isa = PBXFileReference; fileEncoding = 4; lastKnownFileType = sourcecode.c.objc; path = "UIViewController+MMDrawerController.m"; sourceTree = "<group>"; };
		FB255BFB18228D9B00A0008B /* LeftViewController.h */ = {isa = PBXFileReference; fileEncoding = 4; lastKnownFileType = sourcecode.c.h; path = LeftViewController.h; sourceTree = "<group>"; };
		FB255BFC18228D9B00A0008B /* LeftViewController.m */ = {isa = PBXFileReference; fileEncoding = 4; lastKnownFileType = sourcecode.c.objc; path = LeftViewController.m; sourceTree = "<group>"; };
		FB255BFD18228D9B00A0008B /* LeftViewController.xib */ = {isa = PBXFileReference; fileEncoding = 4; lastKnownFileType = file.xib; path = LeftViewController.xib; sourceTree = "<group>"; };
		FB3135731833869C00AFF3BC /* WeiboNetWork.h */ = {isa = PBXFileReference; fileEncoding = 4; lastKnownFileType = sourcecode.c.h; path = WeiboNetWork.h; sourceTree = "<group>"; };
		FB3135741833869C00AFF3BC /* WeiboNetWork.m */ = {isa = PBXFileReference; fileEncoding = 4; lastKnownFileType = sourcecode.c.objc; path = WeiboNetWork.m; sourceTree = "<group>"; };
		FB4C01191833CE8B00EC97B1 /* FMDatabase.h */ = {isa = PBXFileReference; fileEncoding = 4; lastKnownFileType = sourcecode.c.h; path = FMDatabase.h; sourceTree = "<group>"; };
		FB4C011A1833CE8B00EC97B1 /* FMDatabase.m */ = {isa = PBXFileReference; fileEncoding = 4; lastKnownFileType = sourcecode.c.objc; path = FMDatabase.m; sourceTree = "<group>"; };
		FB4C011B1833CE8B00EC97B1 /* FMDatabaseAdditions.h */ = {isa = PBXFileReference; fileEncoding = 4; lastKnownFileType = sourcecode.c.h; path = FMDatabaseAdditions.h; sourceTree = "<group>"; };
		FB4C011C1833CE8B00EC97B1 /* FMDatabaseAdditions.m */ = {isa = PBXFileReference; fileEncoding = 4; lastKnownFileType = sourcecode.c.objc; path = FMDatabaseAdditions.m; sourceTree = "<group>"; };
		FB4C011D1833CE8B00EC97B1 /* FMDatabasePool.h */ = {isa = PBXFileReference; fileEncoding = 4; lastKnownFileType = sourcecode.c.h; path = FMDatabasePool.h; sourceTree = "<group>"; };
		FB4C011E1833CE8B00EC97B1 /* FMDatabasePool.m */ = {isa = PBXFileReference; fileEncoding = 4; lastKnownFileType = sourcecode.c.objc; path = FMDatabasePool.m; sourceTree = "<group>"; };
		FB4C011F1833CE8B00EC97B1 /* FMDatabaseQueue.h */ = {isa = PBXFileReference; fileEncoding = 4; lastKnownFileType = sourcecode.c.h; path = FMDatabaseQueue.h; sourceTree = "<group>"; };
		FB4C01201833CE8B00EC97B1 /* FMDatabaseQueue.m */ = {isa = PBXFileReference; fileEncoding = 4; lastKnownFileType = sourcecode.c.objc; path = FMDatabaseQueue.m; sourceTree = "<group>"; };
		FB4C01211833CE8B00EC97B1 /* FMResultSet.h */ = {isa = PBXFileReference; fileEncoding = 4; lastKnownFileType = sourcecode.c.h; path = FMResultSet.h; sourceTree = "<group>"; };
		FB4C01221833CE8B00EC97B1 /* FMResultSet.m */ = {isa = PBXFileReference; fileEncoding = 4; lastKnownFileType = sourcecode.c.objc; path = FMResultSet.m; sourceTree = "<group>"; };
		FB4C01281833CE9F00EC97B1 /* libsqlite3.dylib */ = {isa = PBXFileReference; lastKnownFileType = "compiled.mach-o.dylib"; name = libsqlite3.dylib; path = usr/lib/libsqlite3.dylib; sourceTree = SDKROOT; };
		FB4C012A18346CCE00EC97B1 /* DTUser.h */ = {isa = PBXFileReference; fileEncoding = 4; lastKnownFileType = sourcecode.c.h; path = DTUser.h; sourceTree = "<group>"; };
		FB4C012B18346CCE00EC97B1 /* DTUser.m */ = {isa = PBXFileReference; fileEncoding = 4; lastKnownFileType = sourcecode.c.objc; path = DTUser.m; sourceTree = "<group>"; };
		FB4C012D183498AF00EC97B1 /* DTWeibo.h */ = {isa = PBXFileReference; fileEncoding = 4; lastKnownFileType = sourcecode.c.h; path = DTWeibo.h; sourceTree = "<group>"; };
		FB4C012E183498AF00EC97B1 /* DTWeibo.m */ = {isa = PBXFileReference; fileEncoding = 4; lastKnownFileType = sourcecode.c.objc; path = DTWeibo.m; sourceTree = "<group>"; };
		FB4C013018349E6000EC97B1 /* DTWeiboMedia.h */ = {isa = PBXFileReference; fileEncoding = 4; lastKnownFileType = sourcecode.c.h; path = DTWeiboMedia.h; sourceTree = "<group>"; };
		FB4C013118349E6000EC97B1 /* DTWeiboMedia.m */ = {isa = PBXFileReference; fileEncoding = 4; lastKnownFileType = sourcecode.c.objc; path = DTWeiboMedia.m; sourceTree = "<group>"; };
		FB4C01361834A31800EC97B1 /* UIUser.h */ = {isa = PBXFileReference; fileEncoding = 4; lastKnownFileType = sourcecode.c.h; path = UIUser.h; sourceTree = "<group>"; };
		FB4C01371834A31800EC97B1 /* UIUser.m */ = {isa = PBXFileReference; fileEncoding = 4; lastKnownFileType = sourcecode.c.objc; path = UIUser.m; sourceTree = "<group>"; };
		FB4C01391834A43200EC97B1 /* UIWeibo.h */ = {isa = PBXFileReference; fileEncoding = 4; lastKnownFileType = sourcecode.c.h; path = UIWeibo.h; sourceTree = "<group>"; };
		FB4C013A1834A43200EC97B1 /* UIWeibo.m */ = {isa = PBXFileReference; fileEncoding = 4; lastKnownFileType = sourcecode.c.objc; path = UIWeibo.m; sourceTree = "<group>"; };
		FB4C013C1834BF0200EC97B1 /* NotificationCenter.h */ = {isa = PBXFileReference; fileEncoding = 4; lastKnownFileType = sourcecode.c.h; path = NotificationCenter.h; sourceTree = "<group>"; };
		FB4C013D1834BF0200EC97B1 /* NotificationCenter.m */ = {isa = PBXFileReference; fileEncoding = 4; lastKnownFileType = sourcecode.c.objc; path = NotificationCenter.m; sourceTree = "<group>"; };
		FB4C013F1834C0A100EC97B1 /* AppInitialize.h */ = {isa = PBXFileReference; fileEncoding = 4; lastKnownFileType = sourcecode.c.h; path = AppInitialize.h; sourceTree = "<group>"; };
		FB4C01401834C0A100EC97B1 /* AppInitialize.m */ = {isa = PBXFileReference; fileEncoding = 4; lastKnownFileType = sourcecode.c.objc; path = AppInitialize.m; sourceTree = "<group>"; };
		FB4E8AFF184208C9004AE49F /* blackArrow.png */ = {isa = PBXFileReference; lastKnownFileType = image.png; path = blackArrow.png; sourceTree = "<group>"; };
		FB4FDE7E181F948100FF9331 /* AFHTTPRequestOperation.h */ = {isa = PBXFileReference; fileEncoding = 4; lastKnownFileType = sourcecode.c.h; path = AFHTTPRequestOperation.h; sourceTree = "<group>"; };
		FB4FDE7F181F948100FF9331 /* AFHTTPRequestOperation.m */ = {isa = PBXFileReference; fileEncoding = 4; lastKnownFileType = sourcecode.c.objc; path = AFHTTPRequestOperation.m; sourceTree = "<group>"; };
		FB4FDE80181F948100FF9331 /* AFHTTPRequestOperationManager.h */ = {isa = PBXFileReference; fileEncoding = 4; lastKnownFileType = sourcecode.c.h; path = AFHTTPRequestOperationManager.h; sourceTree = "<group>"; };
		FB4FDE81181F948100FF9331 /* AFHTTPRequestOperationManager.m */ = {isa = PBXFileReference; fileEncoding = 4; lastKnownFileType = sourcecode.c.objc; path = AFHTTPRequestOperationManager.m; sourceTree = "<group>"; };
		FB4FDE82181F948100FF9331 /* AFHTTPSessionManager.h */ = {isa = PBXFileReference; fileEncoding = 4; lastKnownFileType = sourcecode.c.h; path = AFHTTPSessionManager.h; sourceTree = "<group>"; };
		FB4FDE83181F948100FF9331 /* AFHTTPSessionManager.m */ = {isa = PBXFileReference; fileEncoding = 4; lastKnownFileType = sourcecode.c.objc; path = AFHTTPSessionManager.m; sourceTree = "<group>"; };
		FB4FDE84181F948100FF9331 /* AFNetworking.h */ = {isa = PBXFileReference; fileEncoding = 4; lastKnownFileType = sourcecode.c.h; path = AFNetworking.h; sourceTree = "<group>"; };
		FB4FDE85181F948100FF9331 /* AFNetworkReachabilityManager.h */ = {isa = PBXFileReference; fileEncoding = 4; lastKnownFileType = sourcecode.c.h; path = AFNetworkReachabilityManager.h; sourceTree = "<group>"; };
		FB4FDE86181F948100FF9331 /* AFNetworkReachabilityManager.m */ = {isa = PBXFileReference; fileEncoding = 4; lastKnownFileType = sourcecode.c.objc; path = AFNetworkReachabilityManager.m; sourceTree = "<group>"; };
		FB4FDE87181F948100FF9331 /* AFSecurityPolicy.h */ = {isa = PBXFileReference; fileEncoding = 4; lastKnownFileType = sourcecode.c.h; path = AFSecurityPolicy.h; sourceTree = "<group>"; };
		FB4FDE88181F948100FF9331 /* AFSecurityPolicy.m */ = {isa = PBXFileReference; fileEncoding = 4; lastKnownFileType = sourcecode.c.objc; path = AFSecurityPolicy.m; sourceTree = "<group>"; };
		FB4FDE89181F948100FF9331 /* AFURLConnectionOperation.h */ = {isa = PBXFileReference; fileEncoding = 4; lastKnownFileType = sourcecode.c.h; path = AFURLConnectionOperation.h; sourceTree = "<group>"; };
		FB4FDE8A181F948100FF9331 /* AFURLConnectionOperation.m */ = {isa = PBXFileReference; fileEncoding = 4; lastKnownFileType = sourcecode.c.objc; path = AFURLConnectionOperation.m; sourceTree = "<group>"; };
		FB4FDE8B181F948100FF9331 /* AFURLRequestSerialization.h */ = {isa = PBXFileReference; fileEncoding = 4; lastKnownFileType = sourcecode.c.h; path = AFURLRequestSerialization.h; sourceTree = "<group>"; };
		FB4FDE8C181F948100FF9331 /* AFURLRequestSerialization.m */ = {isa = PBXFileReference; fileEncoding = 4; lastKnownFileType = sourcecode.c.objc; path = AFURLRequestSerialization.m; sourceTree = "<group>"; };
		FB4FDE8D181F948100FF9331 /* AFURLResponseSerialization.h */ = {isa = PBXFileReference; fileEncoding = 4; lastKnownFileType = sourcecode.c.h; path = AFURLResponseSerialization.h; sourceTree = "<group>"; };
		FB4FDE8E181F948100FF9331 /* AFURLResponseSerialization.m */ = {isa = PBXFileReference; fileEncoding = 4; lastKnownFileType = sourcecode.c.objc; path = AFURLResponseSerialization.m; sourceTree = "<group>"; };
		FB4FDE8F181F948100FF9331 /* AFURLSessionManager.h */ = {isa = PBXFileReference; fileEncoding = 4; lastKnownFileType = sourcecode.c.h; path = AFURLSessionManager.h; sourceTree = "<group>"; };
		FB4FDE90181F948100FF9331 /* AFURLSessionManager.m */ = {isa = PBXFileReference; fileEncoding = 4; lastKnownFileType = sourcecode.c.objc; path = AFURLSessionManager.m; sourceTree = "<group>"; };
		FB54789D181EA37800501B7A /* Storage.h */ = {isa = PBXFileReference; fileEncoding = 4; lastKnownFileType = sourcecode.c.h; path = Storage.h; sourceTree = "<group>"; };
		FB54789E181EA37800501B7A /* Storage.m */ = {isa = PBXFileReference; fileEncoding = 4; lastKnownFileType = sourcecode.c.objc; path = Storage.m; sourceTree = "<group>"; };
		FB5D10C5182F7497006E1D01 /* KUnits.h */ = {isa = PBXFileReference; fileEncoding = 4; lastKnownFileType = sourcecode.c.h; path = KUnits.h; sourceTree = "<group>"; };
		FB5D10C6182F7497006E1D01 /* KUnits.m */ = {isa = PBXFileReference; fileEncoding = 4; lastKnownFileType = sourcecode.c.objc; path = KUnits.m; sourceTree = "<group>"; };
		FB5D10CD182FAD6F006E1D01 /* avatar-1.png */ = {isa = PBXFileReference; lastKnownFileType = image.png; path = "avatar-1.png"; sourceTree = "<group>"; };
		FB5D10CE182FAD6F006E1D01 /* avatar-0.png */ = {isa = PBXFileReference; lastKnownFileType = image.png; path = "avatar-0.png"; sourceTree = "<group>"; };
		FB6326621841DE4800B48E25 /* EGORefreshTableFooterView.h */ = {isa = PBXFileReference; fileEncoding = 4; lastKnownFileType = sourcecode.c.h; path = EGORefreshTableFooterView.h; sourceTree = "<group>"; };
		FB6326631841DE4800B48E25 /* EGORefreshTableFooterView.m */ = {isa = PBXFileReference; fileEncoding = 4; lastKnownFileType = sourcecode.c.objc; path = EGORefreshTableFooterView.m; sourceTree = "<group>"; };
		FB6326641841DE4800B48E25 /* EGORefreshTableHeaderView.h */ = {isa = PBXFileReference; fileEncoding = 4; lastKnownFileType = sourcecode.c.h; path = EGORefreshTableHeaderView.h; sourceTree = "<group>"; };
		FB6326651841DE4800B48E25 /* EGORefreshTableHeaderView.m */ = {isa = PBXFileReference; fileEncoding = 4; lastKnownFileType = sourcecode.c.objc; path = EGORefreshTableHeaderView.m; sourceTree = "<group>"; };
		FB6326661841DE4800B48E25 /* EGOViewCommon.h */ = {isa = PBXFileReference; fileEncoding = 4; lastKnownFileType = sourcecode.c.h; path = EGOViewCommon.h; sourceTree = "<group>"; };
		FB6CEAD3182CE62000C07414 /* WeiboTableCell.h */ = {isa = PBXFileReference; fileEncoding = 4; lastKnownFileType = sourcecode.c.h; path = WeiboTableCell.h; sourceTree = "<group>"; };
		FB6CEAD4182CE62000C07414 /* WeiboTableCell.m */ = {isa = PBXFileReference; fileEncoding = 4; lastKnownFileType = sourcecode.c.objc; path = WeiboTableCell.m; sourceTree = "<group>"; };
		FB6CEAD6182CE63A00C07414 /* WeiboTableCell.xib */ = {isa = PBXFileReference; fileEncoding = 4; lastKnownFileType = file.xib; path = WeiboTableCell.xib; sourceTree = "<group>"; };
		FB6CEAED182D2E2D00C07414 /* tabbar_home.png */ = {isa = PBXFileReference; lastKnownFileType = image.png; path = tabbar_home.png; sourceTree = "<group>"; };
		FB6CEAEE182D2E2D00C07414 /* tabbar_home@2x.png */ = {isa = PBXFileReference; lastKnownFileType = image.png; path = "tabbar_home@2x.png"; sourceTree = "<group>"; };
		FB6CEAF1182D2E9300C07414 /* tabbar_message.png */ = {isa = PBXFileReference; lastKnownFileType = image.png; path = tabbar_message.png; sourceTree = "<group>"; };
		FB6CEAF2182D2E9300C07414 /* tabbar_message@2x.png */ = {isa = PBXFileReference; lastKnownFileType = image.png; path = "tabbar_message@2x.png"; sourceTree = "<group>"; };
		FB6CEAF5182D2EB300C07414 /* tabbar_me.png */ = {isa = PBXFileReference; lastKnownFileType = image.png; path = tabbar_me.png; sourceTree = "<group>"; };
		FB6CEAF6182D2EB300C07414 /* tabbar_me@2x.png */ = {isa = PBXFileReference; lastKnownFileType = image.png; path = "tabbar_me@2x.png"; sourceTree = "<group>"; };
		FB6CEAF9182D2EF000C07414 /* tabbar_more.png */ = {isa = PBXFileReference; lastKnownFileType = image.png; path = tabbar_more.png; sourceTree = "<group>"; };
		FB6CEAFA182D2EF000C07414 /* tabbar_more@2x.png */ = {isa = PBXFileReference; lastKnownFileType = image.png; path = "tabbar_more@2x.png"; sourceTree = "<group>"; };
		FB75BF96181FF851006CA582 /* AFTextResponseSerializer.h */ = {isa = PBXFileReference; fileEncoding = 4; lastKnownFileType = sourcecode.c.h; path = AFTextResponseSerializer.h; sourceTree = "<group>"; };
		FB75BF97181FF851006CA582 /* AFTextResponseSerializer.m */ = {isa = PBXFileReference; fileEncoding = 4; lastKnownFileType = sourcecode.c.objc; path = AFTextResponseSerializer.m; sourceTree = "<group>"; };
		FBBDEE8F182CCE6000067D6E /* macro.h */ = {isa = PBXFileReference; fileEncoding = 4; lastKnownFileType = sourcecode.c.h; path = macro.h; sourceTree = "<group>"; };
		FBC0D9591830DB4800163C3C /* weibo-repost.html */ = {isa = PBXFileReference; fileEncoding = 4; lastKnownFileType = text.html; path = "weibo-repost.html"; sourceTree = "<group>"; };
		FBC0D95A1830DB4800163C3C /* weibo-simple.html */ = {isa = PBXFileReference; fileEncoding = 4; lastKnownFileType = text.html; path = "weibo-simple.html"; sourceTree = "<group>"; };
		FBD2895E184F7E79003150C3 /* CPTextViewPlaceholder.h */ = {isa = PBXFileReference; fileEncoding = 4; lastKnownFileType = sourcecode.c.h; path = CPTextViewPlaceholder.h; sourceTree = "<group>"; };
		FBD2895F184F7E79003150C3 /* CPTextViewPlaceholder.m */ = {isa = PBXFileReference; fileEncoding = 4; lastKnownFileType = sourcecode.c.objc; path = CPTextViewPlaceholder.m; sourceTree = "<group>"; };
		FBD2C00A18334FD000BBE4AF /* AuthorizeViewController.h */ = {isa = PBXFileReference; fileEncoding = 4; lastKnownFileType = sourcecode.c.h; path = AuthorizeViewController.h; sourceTree = "<group>"; };
		FBD2C00B18334FD000BBE4AF /* AuthorizeViewController.m */ = {isa = PBXFileReference; fileEncoding = 4; lastKnownFileType = sourcecode.c.objc; path = AuthorizeViewController.m; sourceTree = "<group>"; };
		FBD2C00C18334FD000BBE4AF /* AuthorizeViewController.xib */ = {isa = PBXFileReference; fileEncoding = 4; lastKnownFileType = file.xib; path = AuthorizeViewController.xib; sourceTree = "<group>"; };
		FBE5E578184EF8D8004CFDDA /* Emoji-Default.bundle */ = {isa = PBXFileReference; lastKnownFileType = "wrapper.plug-in"; path = "Emoji-Default.bundle"; sourceTree = "<group>"; };
		FBE5E57B184EF8E6004CFDDA /* OLImage.h */ = {isa = PBXFileReference; fileEncoding = 4; lastKnownFileType = sourcecode.c.h; path = OLImage.h; sourceTree = "<group>"; };
		FBE5E57C184EF8E6004CFDDA /* OLImage.m */ = {isa = PBXFileReference; fileEncoding = 4; lastKnownFileType = sourcecode.c.objc; path = OLImage.m; sourceTree = "<group>"; };
		FBE5E57D184EF8E6004CFDDA /* OLImageView.h */ = {isa = PBXFileReference; fileEncoding = 4; lastKnownFileType = sourcecode.c.h; path = OLImageView.h; sourceTree = "<group>"; };
		FBE5E57E184EF8E6004CFDDA /* OLImageView.m */ = {isa = PBXFileReference; fileEncoding = 4; lastKnownFileType = sourcecode.c.objc; path = OLImageView.m; sourceTree = "<group>"; };
		FBE5E581184EF8FF004CFDDA /* EmojiViewController.h */ = {isa = PBXFileReference; fileEncoding = 4; lastKnownFileType = sourcecode.c.h; path = EmojiViewController.h; sourceTree = "<group>"; };
		FBE5E582184EF8FF004CFDDA /* EmojiViewController.m */ = {isa = PBXFileReference; fileEncoding = 4; lastKnownFileType = sourcecode.c.objc; path = EmojiViewController.m; sourceTree = "<group>"; };
		FBE5E583184EF8FF004CFDDA /* EmojiViewController.xib */ = {isa = PBXFileReference; fileEncoding = 4; lastKnownFileType = file.xib; path = EmojiViewController.xib; sourceTree = "<group>"; };
		FBE5E586184EFAB5004CFDDA /* UICustomTapGestureRecognizer.h */ = {isa = PBXFileReference; fileEncoding = 4; lastKnownFileType = sourcecode.c.h; path = UICustomTapGestureRecognizer.h; sourceTree = "<group>"; };
		FBE5E587184EFAB5004CFDDA /* UICustomTapGestureRecognizer.m */ = {isa = PBXFileReference; fileEncoding = 4; lastKnownFileType = sourcecode.c.objc; path = UICustomTapGestureRecognizer.m; sourceTree = "<group>"; };
/* End PBXFileReference section */

/* Begin PBXFrameworksBuildPhase section */
		2748FCC917F8738000A3B9ED /* Frameworks */ = {
			isa = PBXFrameworksBuildPhase;
			buildActionMask = 2147483647;
			files = (
				FB4C01291833CE9F00EC97B1 /* libsqlite3.dylib in Frameworks */,
				271EA35C17FD88DB0069B2C9 /* CFNetwork.framework in Frameworks */,
				271EA35A17FD88B20069B2C9 /* Security.framework in Frameworks */,
				2748FCD217F8738000A3B9ED /* CoreGraphics.framework in Frameworks */,
				2748FCD417F8738000A3B9ED /* UIKit.framework in Frameworks */,
				2748FCD017F8738000A3B9ED /* Foundation.framework in Frameworks */,
			);
			runOnlyForDeploymentPostprocessing = 0;
		};
		2748FCEA17F8738000A3B9ED /* Frameworks */ = {
			isa = PBXFrameworksBuildPhase;
			buildActionMask = 2147483647;
			files = (
				2748FCEF17F8738000A3B9ED /* XCTest.framework in Frameworks */,
				2748FCF117F8738000A3B9ED /* UIKit.framework in Frameworks */,
				2748FCF017F8738000A3B9ED /* Foundation.framework in Frameworks */,
			);
			runOnlyForDeploymentPostprocessing = 0;
		};
/* End PBXFrameworksBuildPhase section */

/* Begin PBXGroup section */
		2714663918424E9D000376F9 /* CommonUI */ = {
			isa = PBXGroup;
			children = (
				FBE5E586184EFAB5004CFDDA /* UICustomTapGestureRecognizer.h */,
				FBE5E587184EFAB5004CFDDA /* UICustomTapGestureRecognizer.m */,
				2714663A18424F03000376F9 /* UserInfoCell.h */,
				2714663B18424F03000376F9 /* UserInfoCell.m */,
				2714663D18424F18000376F9 /* UserInfoCell.xib */,
				2714664118424F76000376F9 /* UserBasicNumberCell.h */,
				2714664218424F76000376F9 /* UserBasicNumberCell.m */,
				2714663F18424F54000376F9 /* UserBasicNumberCell.xib */,
				2714664B184251A7000376F9 /* WeiboTypeSelectorCell.h */,
				2714664C184251A7000376F9 /* WeiboTypeSelectorCell.m */,
				2714664918425195000376F9 /* WeiboTypeSelectorCell.xib */,
				271466441842507A000376F9 /* WeiboSimpleCell.h */,
				271466451842507A000376F9 /* WeiboSimpleCell.m */,
				2714664718425097000376F9 /* WeiboSimpleCell.xib */,
			);
			name = CommonUI;
			sourceTree = "<group>";
		};
		271BB8911843B24D008BB2A4 /* PlaceholderTextVIew */ = {
			isa = PBXGroup;
			children = (
				FBD2895E184F7E79003150C3 /* CPTextViewPlaceholder.h */,
				FBD2895F184F7E79003150C3 /* CPTextViewPlaceholder.m */,
			);
			name = PlaceholderTextVIew;
			sourceTree = "<group>";
		};
		2737E4351850DD8900DAB262 /* SVSegmentedControl */ = {
			isa = PBXGroup;
			children = (
				2737E4361850DD8900DAB262 /* SVSegmentedControl.h */,
				2737E4371850DD8900DAB262 /* SVSegmentedControl.m */,
				2737E4381850DD8900DAB262 /* SVSegmentedThumb.h */,
				2737E4391850DD8900DAB262 /* SVSegmentedThumb.m */,
			);
			path = SVSegmentedControl;
			sourceTree = "<group>";
		};
		2748FCC317F8738000A3B9ED = {
			isa = PBXGroup;
			children = (
				2748FCD517F8738000A3B9ED /* Keibo */,
				2748FCCE17F8738000A3B9ED /* Frameworks */,
				2748FCCD17F8738000A3B9ED /* Products */,
			);
			sourceTree = "<group>";
		};
		2748FCCD17F8738000A3B9ED /* Products */ = {
			isa = PBXGroup;
			children = (
				2748FCCC17F8738000A3B9ED /* Keibo.app */,
				2748FCED17F8738000A3B9ED /* KeiboTests.xctest */,
			);
			name = Products;
			sourceTree = "<group>";
		};
		2748FCCE17F8738000A3B9ED /* Frameworks */ = {
			isa = PBXGroup;
			children = (
				FB4C01281833CE9F00EC97B1 /* libsqlite3.dylib */,
				271EA35B17FD88DB0069B2C9 /* CFNetwork.framework */,
				271EA35917FD88B20069B2C9 /* Security.framework */,
				2748FCCF17F8738000A3B9ED /* Foundation.framework */,
				2748FCD117F8738000A3B9ED /* CoreGraphics.framework */,
				2748FCD317F8738000A3B9ED /* UIKit.framework */,
				2748FCEE17F8738000A3B9ED /* XCTest.framework */,
			);
			name = Frameworks;
			sourceTree = "<group>";
		};
		2748FCD517F8738000A3B9ED /* Keibo */ = {
			isa = PBXGroup;
			children = (
				FB4C013418349FED00EC97B1 /* StorageUI-Adapter */,
				FB4C013318349FDF00EC97B1 /* Data-UI */,
				FB5D10C4182F7443006E1D01 /* KUnits */,
				FB255BDC18228B4B00A0008B /* External */,
				FB4C01351834A06400EC97B1 /* VCs */,
				FB0136EA182E74110006DFB9 /* Model */,
				2748FCDE17F8738000A3B9ED /* AppDelegate.h */,
				2748FCDF17F8738000A3B9ED /* AppDelegate.m */,
				2748FCE417F8738000A3B9ED /* ViewController.h */,
				2748FCE517F8738000A3B9ED /* ViewController.m */,
				2748FCE717F8738000A3B9ED /* Images.xcassets */,
				FBE452C5183084C400DB43FF /* Resources */,
				2748FCD617F8738000A3B9ED /* Supporting Files */,
			);
			path = Keibo;
			sourceTree = "<group>";
		};
		2748FCD617F8738000A3B9ED /* Supporting Files */ = {
			isa = PBXGroup;
			children = (
				2748FCD717F8738000A3B9ED /* Keibo-Info.plist */,
				2748FCD817F8738000A3B9ED /* InfoPlist.strings */,
				2748FCDB17F8738000A3B9ED /* main.m */,
				2748FCDD17F8738000A3B9ED /* Keibo-Prefix.pch */,
				FBBDEE8F182CCE6000067D6E /* macro.h */,
			);
			name = "Supporting Files";
			sourceTree = "<group>";
		};
		274C4A8A17FB1A0A00D231E8 /* NewWeibo */ = {
			isa = PBXGroup;
			children = (
				FBE5E581184EF8FF004CFDDA /* EmojiViewController.h */,
				FBE5E582184EF8FF004CFDDA /* EmojiViewController.m */,
				FBE5E583184EF8FF004CFDDA /* EmojiViewController.xib */,
				276FFAAD1843AAF600D41EB6 /* NewWeiboViewController.h */,
				276FFAAE1843AAF600D41EB6 /* NewWeiboViewController.m */,
				276FFAAF1843AAF600D41EB6 /* NewWeiboViewController.xib */,
			);
			name = NewWeibo;
			sourceTree = "<group>";
		};
		2768E4141820159200896288 /* Authorize */ = {
			isa = PBXGroup;
			children = (
				FBD2C00A18334FD000BBE4AF /* AuthorizeViewController.h */,
				FBD2C00B18334FD000BBE4AF /* AuthorizeViewController.m */,
				FBD2C00C18334FD000BBE4AF /* AuthorizeViewController.xib */,
			);
			name = Authorize;
			sourceTree = "<group>";
		};
		FB0136EA182E74110006DFB9 /* Model */ = {
			isa = PBXGroup;
			children = (
				FB4C012A18346CCE00EC97B1 /* DTUser.h */,
				FB4C012B18346CCE00EC97B1 /* DTUser.m */,
				FB4C012D183498AF00EC97B1 /* DTWeibo.h */,
				FB4C012E183498AF00EC97B1 /* DTWeibo.m */,
				FB4C013018349E6000EC97B1 /* DTWeiboMedia.h */,
				FB4C013118349E6000EC97B1 /* DTWeiboMedia.m */,
				FB54789D181EA37800501B7A /* Storage.h */,
				FB54789E181EA37800501B7A /* Storage.m */,
			);
			name = Model;
			sourceTree = "<group>";
		};
		FB255BD818228A7300A0008B /* Main */ = {
			isa = PBXGroup;
			children = (
				FB6CEAD3182CE62000C07414 /* WeiboTableCell.h */,
				FB6CEAD4182CE62000C07414 /* WeiboTableCell.m */,
				FB6CEAD6182CE63A00C07414 /* WeiboTableCell.xib */,
				FB255BD318228A6C00A0008B /* MainPageViewController.h */,
				FB255BD418228A6C00A0008B /* MainPageViewController.m */,
				FB255BD518228A6C00A0008B /* MainPageViewController.xib */,
			);
			name = Main;
			sourceTree = "<group>";
		};
		FB255BD918228AAC00A0008B /* Message */ = {
			isa = PBXGroup;
			children = (
				FB255BDD18228C0700A0008B /* MessageViewController.h */,
				FB255BDE18228C0700A0008B /* MessageViewController.m */,
				FB255BDF18228C0700A0008B /* MessageViewController.xib */,
			);
			name = Message;
			sourceTree = "<group>";
		};
		FB255BDA18228ACD00A0008B /* Person */ = {
			isa = PBXGroup;
			children = (
				FB255BE218228C1B00A0008B /* PersonViewController.h */,
				FB255BE318228C1B00A0008B /* PersonViewController.m */,
				FB255BE418228C1B00A0008B /* PersonViewController.xib */,
			);
			name = Person;
			sourceTree = "<group>";
		};
		FB255BDB18228B3400A0008B /* More */ = {
			isa = PBXGroup;
			children = (
				FB255BE718228C2900A0008B /* MoreViewController.h */,
				FB255BE818228C2900A0008B /* MoreViewController.m */,
				FB255BE918228C2900A0008B /* MoreViewController.xib */,
			);
			name = More;
			sourceTree = "<group>";
		};
		FB255BDC18228B4B00A0008B /* External */ = {
			isa = PBXGroup;
			children = (
				2737E4351850DD8900DAB262 /* SVSegmentedControl */,
				FBE5E57A184EF8E6004CFDDA /* OLImageView */,
				271BB8911843B24D008BB2A4 /* PlaceholderTextVIew */,
				FB6326611841DE4800B48E25 /* EGORefreshView */,
				FB4C01181833CE8B00EC97B1 /* fmdb */,
				FB255BEC18228D0E00A0008B /* MMDrawerController */,
				FB4FDE7D181F948100FF9331 /* AFNetworking */,
			);
			name = External;
			sourceTree = "<group>";
		};
		FB255BEC18228D0E00A0008B /* MMDrawerController */ = {
			isa = PBXGroup;
			children = (
				FB255BED18228D0E00A0008B /* MMDrawerBarButtonItem.h */,
				FB255BEE18228D0E00A0008B /* MMDrawerBarButtonItem.m */,
				FB255BEF18228D0E00A0008B /* MMDrawerController+Subclass.h */,
				FB255BF018228D0E00A0008B /* MMDrawerController.h */,
				FB255BF118228D0E00A0008B /* MMDrawerController.m */,
				FB255BF218228D0E00A0008B /* MMDrawerVisualState.h */,
				FB255BF318228D0E00A0008B /* MMDrawerVisualState.m */,
				FB255BF418228D0E00A0008B /* UIViewController+MMDrawerController.h */,
				FB255BF518228D0E00A0008B /* UIViewController+MMDrawerController.m */,
			);
			path = MMDrawerController;
			sourceTree = "<group>";
		};
		FB255BFA18228D6900A0008B /* LeftWindow */ = {
			isa = PBXGroup;
			children = (
				FB255BFB18228D9B00A0008B /* LeftViewController.h */,
				FB255BFC18228D9B00A0008B /* LeftViewController.m */,
				FB255BFD18228D9B00A0008B /* LeftViewController.xib */,
			);
			name = LeftWindow;
			sourceTree = "<group>";
		};
		FB4C01181833CE8B00EC97B1 /* fmdb */ = {
			isa = PBXGroup;
			children = (
				FB4C01191833CE8B00EC97B1 /* FMDatabase.h */,
				FB4C011A1833CE8B00EC97B1 /* FMDatabase.m */,
				FB4C011B1833CE8B00EC97B1 /* FMDatabaseAdditions.h */,
				FB4C011C1833CE8B00EC97B1 /* FMDatabaseAdditions.m */,
				FB4C011D1833CE8B00EC97B1 /* FMDatabasePool.h */,
				FB4C011E1833CE8B00EC97B1 /* FMDatabasePool.m */,
				FB4C011F1833CE8B00EC97B1 /* FMDatabaseQueue.h */,
				FB4C01201833CE8B00EC97B1 /* FMDatabaseQueue.m */,
				FB4C01211833CE8B00EC97B1 /* FMResultSet.h */,
				FB4C01221833CE8B00EC97B1 /* FMResultSet.m */,
			);
			path = fmdb;
			sourceTree = "<group>";
		};
		FB4C013318349FDF00EC97B1 /* Data-UI */ = {
			isa = PBXGroup;
			children = (
				FB4C01361834A31800EC97B1 /* UIUser.h */,
				FB4C01371834A31800EC97B1 /* UIUser.m */,
				FB4C01391834A43200EC97B1 /* UIWeibo.h */,
				FB4C013A1834A43200EC97B1 /* UIWeibo.m */,
			);
			name = "Data-UI";
			sourceTree = "<group>";
		};
		FB4C013418349FED00EC97B1 /* StorageUI-Adapter */ = {
			isa = PBXGroup;
			children = (
				2737020D1835308D00016FB1 /* DataAdapter.h */,
				2737020E1835308D00016FB1 /* DataAdapter.m */,
			);
			name = "StorageUI-Adapter";
			sourceTree = "<group>";
		};
		FB4C01351834A06400EC97B1 /* VCs */ = {
			isa = PBXGroup;
			children = (
				2714663918424E9D000376F9 /* CommonUI */,
				FB255BD818228A7300A0008B /* Main */,
				2768E4141820159200896288 /* Authorize */,
				FB255BD918228AAC00A0008B /* Message */,
				FB255BDA18228ACD00A0008B /* Person */,
				FB255BDB18228B3400A0008B /* More */,
				274C4A8A17FB1A0A00D231E8 /* NewWeibo */,
				FB255BFA18228D6900A0008B /* LeftWindow */,
			);
			name = VCs;
			sourceTree = "<group>";
		};
		FB4FDE7D181F948100FF9331 /* AFNetworking */ = {
			isa = PBXGroup;
			children = (
				FB75BF96181FF851006CA582 /* AFTextResponseSerializer.h */,
				FB75BF97181FF851006CA582 /* AFTextResponseSerializer.m */,
				FB4FDE7E181F948100FF9331 /* AFHTTPRequestOperation.h */,
				FB4FDE7F181F948100FF9331 /* AFHTTPRequestOperation.m */,
				FB4FDE80181F948100FF9331 /* AFHTTPRequestOperationManager.h */,
				FB4FDE81181F948100FF9331 /* AFHTTPRequestOperationManager.m */,
				FB4FDE82181F948100FF9331 /* AFHTTPSessionManager.h */,
				FB4FDE83181F948100FF9331 /* AFHTTPSessionManager.m */,
				FB4FDE84181F948100FF9331 /* AFNetworking.h */,
				FB4FDE85181F948100FF9331 /* AFNetworkReachabilityManager.h */,
				FB4FDE86181F948100FF9331 /* AFNetworkReachabilityManager.m */,
				FB4FDE87181F948100FF9331 /* AFSecurityPolicy.h */,
				FB4FDE88181F948100FF9331 /* AFSecurityPolicy.m */,
				FB4FDE89181F948100FF9331 /* AFURLConnectionOperation.h */,
				FB4FDE8A181F948100FF9331 /* AFURLConnectionOperation.m */,
				FB4FDE8B181F948100FF9331 /* AFURLRequestSerialization.h */,
				FB4FDE8C181F948100FF9331 /* AFURLRequestSerialization.m */,
				FB4FDE8D181F948100FF9331 /* AFURLResponseSerialization.h */,
				FB4FDE8E181F948100FF9331 /* AFURLResponseSerialization.m */,
				FB4FDE8F181F948100FF9331 /* AFURLSessionManager.h */,
				FB4FDE90181F948100FF9331 /* AFURLSessionManager.m */,
			);
			path = AFNetworking;
			sourceTree = "<group>";
		};
		FB5D10C4182F7443006E1D01 /* KUnits */ = {
			isa = PBXGroup;
			children = (
				FB5D10C5182F7497006E1D01 /* KUnits.h */,
				FB5D10C6182F7497006E1D01 /* KUnits.m */,
				FB4C013F1834C0A100EC97B1 /* AppInitialize.h */,
				FB4C01401834C0A100EC97B1 /* AppInitialize.m */,
				FB3135731833869C00AFF3BC /* WeiboNetWork.h */,
				FB3135741833869C00AFF3BC /* WeiboNetWork.m */,
				FB4C013C1834BF0200EC97B1 /* NotificationCenter.h */,
				FB4C013D1834BF0200EC97B1 /* NotificationCenter.m */,
				27AB3DAE1837A3010011BB18 /* RoundImageView.h */,
				27AB3DAF1837A3010011BB18 /* RoundImageView.m */,
				27AB3DB11837A4440011BB18 /* WeiboImageCreator.h */,
				27AB3DB21837A4440011BB18 /* WeiboImageCreator.m */,
				276D7C231837ABC800C0B4BC /* bg_line.png */,
			);
			name = KUnits;
			sourceTree = "<group>";
		};
		FB6326611841DE4800B48E25 /* EGORefreshView */ = {
			isa = PBXGroup;
			children = (
				FB6326621841DE4800B48E25 /* EGORefreshTableFooterView.h */,
				FB6326631841DE4800B48E25 /* EGORefreshTableFooterView.m */,
				FB6326641841DE4800B48E25 /* EGORefreshTableHeaderView.h */,
				FB6326651841DE4800B48E25 /* EGORefreshTableHeaderView.m */,
				FB6326661841DE4800B48E25 /* EGOViewCommon.h */,
				FB4E8AFF184208C9004AE49F /* blackArrow.png */,
			);
			path = EGORefreshView;
			sourceTree = "<group>";
		};
		FB6CEAD8182CEAE900C07414 /* images */ = {
			isa = PBXGroup;
			children = (
				FB6CEAED182D2E2D00C07414 /* tabbar_home.png */,
				FB6CEAEE182D2E2D00C07414 /* tabbar_home@2x.png */,
				FB6CEAF1182D2E9300C07414 /* tabbar_message.png */,
				FB6CEAF2182D2E9300C07414 /* tabbar_message@2x.png */,
				FB6CEAF5182D2EB300C07414 /* tabbar_me.png */,
				FB6CEAF6182D2EB300C07414 /* tabbar_me@2x.png */,
				FB6CEAF9182D2EF000C07414 /* tabbar_more.png */,
				FB6CEAFA182D2EF000C07414 /* tabbar_more@2x.png */,
				FB0136E3182E70970006DFB9 /* comments.png */,
				FB0136E4182E70970006DFB9 /* comments@2x.png */,
				FB5D10CD182FAD6F006E1D01 /* avatar-1.png */,
				FB5D10CE182FAD6F006E1D01 /* avatar-0.png */,
				270328B11850C83D00D90B7C /* delete-emoji.png */,
			);
			name = images;
			sourceTree = "<group>";
		};
		FBE452C5183084C400DB43FF /* Resources */ = {
			isa = PBXGroup;
			children = (
				FBE5E578184EF8D8004CFDDA /* Emoji-Default.bundle */,
				FBC0D9591830DB4800163C3C /* weibo-repost.html */,
				FBC0D95A1830DB4800163C3C /* weibo-simple.html */,
				FB6CEAD8182CEAE900C07414 /* images */,
			);
			name = Resources;
			sourceTree = "<group>";
		};
		FBE5E57A184EF8E6004CFDDA /* OLImageView */ = {
			isa = PBXGroup;
			children = (
				FBE5E57B184EF8E6004CFDDA /* OLImage.h */,
				FBE5E57C184EF8E6004CFDDA /* OLImage.m */,
				FBE5E57D184EF8E6004CFDDA /* OLImageView.h */,
				FBE5E57E184EF8E6004CFDDA /* OLImageView.m */,
			);
			path = OLImageView;
			sourceTree = "<group>";
		};
/* End PBXGroup section */

/* Begin PBXNativeTarget section */
		2748FCCB17F8738000A3B9ED /* Keibo */ = {
			isa = PBXNativeTarget;
			buildConfigurationList = 2748FCFE17F8738000A3B9ED /* Build configuration list for PBXNativeTarget "Keibo" */;
			buildPhases = (
				2748FCC817F8738000A3B9ED /* Sources */,
				2748FCC917F8738000A3B9ED /* Frameworks */,
				2748FCCA17F8738000A3B9ED /* Resources */,
			);
			buildRules = (
			);
			dependencies = (
			);
			name = Keibo;
			productName = Keibo;
			productReference = 2748FCCC17F8738000A3B9ED /* Keibo.app */;
			productType = "com.apple.product-type.application";
		};
		2748FCEC17F8738000A3B9ED /* KeiboTests */ = {
			isa = PBXNativeTarget;
			buildConfigurationList = 2748FD0117F8738000A3B9ED /* Build configuration list for PBXNativeTarget "KeiboTests" */;
			buildPhases = (
				2748FCE917F8738000A3B9ED /* Sources */,
				2748FCEA17F8738000A3B9ED /* Frameworks */,
				2748FCEB17F8738000A3B9ED /* Resources */,
			);
			buildRules = (
			);
			dependencies = (
				2748FCF317F8738000A3B9ED /* PBXTargetDependency */,
			);
			name = KeiboTests;
			productName = KeiboTests;
			productReference = 2748FCED17F8738000A3B9ED /* KeiboTests.xctest */;
			productType = "com.apple.product-type.bundle.unit-test";
		};
/* End PBXNativeTarget section */

/* Begin PBXProject section */
		2748FCC417F8738000A3B9ED /* Project object */ = {
			isa = PBXProject;
			attributes = {
				CLASSPREFIX = KS;
				LastUpgradeCheck = 0500;
				ORGANIZATIONNAME = kyle;
				TargetAttributes = {
					2748FCEC17F8738000A3B9ED = {
						TestTargetID = 2748FCCB17F8738000A3B9ED;
					};
				};
			};
			buildConfigurationList = 2748FCC717F8738000A3B9ED /* Build configuration list for PBXProject "Keibo" */;
			compatibilityVersion = "Xcode 3.2";
			developmentRegion = English;
			hasScannedForEncodings = 0;
			knownRegions = (
				en,
				Base,
			);
			mainGroup = 2748FCC317F8738000A3B9ED;
			productRefGroup = 2748FCCD17F8738000A3B9ED /* Products */;
			projectDirPath = "";
			projectRoot = "";
			targets = (
				2748FCCB17F8738000A3B9ED /* Keibo */,
				2748FCEC17F8738000A3B9ED /* KeiboTests */,
			);
		};
/* End PBXProject section */

/* Begin PBXResourcesBuildPhase section */
		2748FCCA17F8738000A3B9ED /* Resources */ = {
			isa = PBXResourcesBuildPhase;
			buildActionMask = 2147483647;
			files = (
				FB6CEAFB182D2EF000C07414 /* tabbar_more.png in Resources */,
				FBE5E585184EF8FF004CFDDA /* EmojiViewController.xib in Resources */,
				FB0136E5182E70970006DFB9 /* comments.png in Resources */,
				FBE5E579184EF8D8004CFDDA /* Emoji-Default.bundle in Resources */,
				FB6CEAF3182D2E9300C07414 /* tabbar_message.png in Resources */,
				270328B21850C83D00D90B7C /* delete-emoji.png in Resources */,
				FBD2C00E18334FD000BBE4AF /* AuthorizeViewController.xib in Resources */,
				2748FCE817F8738000A3B9ED /* Images.xcassets in Resources */,
				FBC0D95B1830DB4800163C3C /* weibo-repost.html in Resources */,
				FB5D10D0182FAD6F006E1D01 /* avatar-0.png in Resources */,
				FB5D10CF182FAD6F006E1D01 /* avatar-1.png in Resources */,
				FB6CEAD7182CE63A00C07414 /* WeiboTableCell.xib in Resources */,
				FB255BFF18228D9B00A0008B /* LeftViewController.xib in Resources */,
				276FFAB11843AAF600D41EB6 /* NewWeiboViewController.xib in Resources */,
				FB0136E6182E70970006DFB9 /* comments@2x.png in Resources */,
				FB6CEAF4182D2E9300C07414 /* tabbar_message@2x.png in Resources */,
				2748FCDA17F8738000A3B9ED /* InfoPlist.strings in Resources */,
				FB6CEAF8182D2EB300C07414 /* tabbar_me@2x.png in Resources */,
				276D7C241837ABC800C0B4BC /* bg_line.png in Resources */,
				2714664018424F54000376F9 /* UserBasicNumberCell.xib in Resources */,
				FBC0D95C1830DB4800163C3C /* weibo-simple.html in Resources */,
				FB4E8B00184208C9004AE49F /* blackArrow.png in Resources */,
				FB255BE118228C0700A0008B /* MessageViewController.xib in Resources */,
				FB6CEAF0182D2E2D00C07414 /* tabbar_home@2x.png in Resources */,
				FB255BE618228C1B00A0008B /* PersonViewController.xib in Resources */,
				FB255BD718228A6C00A0008B /* MainPageViewController.xib in Resources */,
				FB6CEAFC182D2EF000C07414 /* tabbar_more@2x.png in Resources */,
				2714664A18425195000376F9 /* WeiboTypeSelectorCell.xib in Resources */,
				2714664818425097000376F9 /* WeiboSimpleCell.xib in Resources */,
				FB255BEB18228C2900A0008B /* MoreViewController.xib in Resources */,
				2714663E18424F18000376F9 /* UserInfoCell.xib in Resources */,
				FB6CEAF7182D2EB300C07414 /* tabbar_me.png in Resources */,
				FB6CEAEF182D2E2D00C07414 /* tabbar_home.png in Resources */,
			);
			runOnlyForDeploymentPostprocessing = 0;
		};
		2748FCEB17F8738000A3B9ED /* Resources */ = {
			isa = PBXResourcesBuildPhase;
			buildActionMask = 2147483647;
			files = (
			);
			runOnlyForDeploymentPostprocessing = 0;
		};
/* End PBXResourcesBuildPhase section */

/* Begin PBXSourcesBuildPhase section */
		2748FCC817F8738000A3B9ED /* Sources */ = {
			isa = PBXSourcesBuildPhase;
			buildActionMask = 2147483647;
			files = (
				FB4FDE99181F948100FF9331 /* AFURLSessionManager.m in Sources */,
				27AB3DB31837A4440011BB18 /* WeiboImageCreator.m in Sources */,
				2748FCE617F8738000A3B9ED /* ViewController.m in Sources */,
				FB4FDE94181F948100FF9331 /* AFNetworkReachabilityManager.m in Sources */,
				276FFAB01843AAF600D41EB6 /* NewWeiboViewController.m in Sources */,
				FB255BF618228D0E00A0008B /* MMDrawerBarButtonItem.m in Sources */,
				FB255BF718228D0E00A0008B /* MMDrawerController.m in Sources */,
				FB4C013218349E6000EC97B1 /* DTWeiboMedia.m in Sources */,
				2748FCE017F8738000A3B9ED /* AppDelegate.m in Sources */,
				2714663C18424F03000376F9 /* UserInfoCell.m in Sources */,
				FB63266A1841DE4800B48E25 /* EGORefreshTableFooterView.m in Sources */,
				FBD2C00D18334FD000BBE4AF /* AuthorizeViewController.m in Sources */,
				FB4FDE96181F948100FF9331 /* AFURLConnectionOperation.m in Sources */,
				FB4C01271833CE8B00EC97B1 /* FMResultSet.m in Sources */,
				FB4FDE93181F948100FF9331 /* AFHTTPSessionManager.m in Sources */,
				FB4FDE97181F948100FF9331 /* AFURLRequestSerialization.m in Sources */,
				2748FCDC17F8738000A3B9ED /* main.m in Sources */,
				FB4C013B1834A43200EC97B1 /* UIWeibo.m in Sources */,
				FB255BFE18228D9B00A0008B /* LeftViewController.m in Sources */,
				FB75BF98181FF851006CA582 /* AFTextResponseSerializer.m in Sources */,
				FB4C01251833CE8B00EC97B1 /* FMDatabasePool.m in Sources */,
				FB255BF818228D0E00A0008B /* MMDrawerVisualState.m in Sources */,
				2714664D184251A7000376F9 /* WeiboTypeSelectorCell.m in Sources */,
				FB255BF918228D0E00A0008B /* UIViewController+MMDrawerController.m in Sources */,
				2737E43A1850DD8900DAB262 /* SVSegmentedControl.m in Sources */,
				FB4C01411834C0A100EC97B1 /* AppInitialize.m in Sources */,
				FB255BE018228C0700A0008B /* MessageViewController.m in Sources */,
				FBE5E584184EF8FF004CFDDA /* EmojiViewController.m in Sources */,
				FB4C01381834A31800EC97B1 /* UIUser.m in Sources */,
				FB3135751833869C00AFF3BC /* WeiboNetWork.m in Sources */,
				2737020F1835308D00016FB1 /* DataAdapter.m in Sources */,
				FBE5E580184EF8E6004CFDDA /* OLImageView.m in Sources */,
				27AB3DB01837A3010011BB18 /* RoundImageView.m in Sources */,
				FB4C01231833CE8B00EC97B1 /* FMDatabase.m in Sources */,
				2737E43B1850DD8900DAB262 /* SVSegmentedThumb.m in Sources */,
				FB54789F181EA37800501B7A /* Storage.m in Sources */,
				FB5D10C7182F7497006E1D01 /* KUnits.m in Sources */,
				FB4C01241833CE8B00EC97B1 /* FMDatabaseAdditions.m in Sources */,
				FB4FDE92181F948100FF9331 /* AFHTTPRequestOperationManager.m in Sources */,
				FB4FDE95181F948100FF9331 /* AFSecurityPolicy.m in Sources */,
				FBD28960184F7E79003150C3 /* CPTextViewPlaceholder.m in Sources */,
				FBE5E588184EFAB5004CFDDA /* UICustomTapGestureRecognizer.m in Sources */,
				FB4FDE98181F948100FF9331 /* AFURLResponseSerialization.m in Sources */,
				2714664318424F76000376F9 /* UserBasicNumberCell.m in Sources */,
				FB4C013E1834BF0200EC97B1 /* NotificationCenter.m in Sources */,
				FB255BE518228C1B00A0008B /* PersonViewController.m in Sources */,
				FB4C012F183498AF00EC97B1 /* DTWeibo.m in Sources */,
				FB255BD618228A6C00A0008B /* MainPageViewController.m in Sources */,
				FB255BEA18228C2900A0008B /* MoreViewController.m in Sources */,
				FB4C01261833CE8B00EC97B1 /* FMDatabaseQueue.m in Sources */,
				FBE5E57F184EF8E6004CFDDA /* OLImage.m in Sources */,
				FB4FDE91181F948100FF9331 /* AFHTTPRequestOperation.m in Sources */,
				271466461842507A000376F9 /* WeiboSimpleCell.m in Sources */,
				FB4C012C18346CCE00EC97B1 /* DTUser.m in Sources */,
				FB63266B1841DE4800B48E25 /* EGORefreshTableHeaderView.m in Sources */,
				FB6CEAD5182CE62000C07414 /* WeiboTableCell.m in Sources */,
			);
			runOnlyForDeploymentPostprocessing = 0;
		};
		2748FCE917F8738000A3B9ED /* Sources */ = {
			isa = PBXSourcesBuildPhase;
			buildActionMask = 2147483647;
			files = (
			);
			runOnlyForDeploymentPostprocessing = 0;
		};
/* End PBXSourcesBuildPhase section */

/* Begin PBXTargetDependency section */
		2748FCF317F8738000A3B9ED /* PBXTargetDependency */ = {
			isa = PBXTargetDependency;
			target = 2748FCCB17F8738000A3B9ED /* Keibo */;
			targetProxy = 2748FCF217F8738000A3B9ED /* PBXContainerItemProxy */;
		};
/* End PBXTargetDependency section */

/* Begin PBXVariantGroup section */
		2748FCD817F8738000A3B9ED /* InfoPlist.strings */ = {
			isa = PBXVariantGroup;
			children = (
				2748FCD917F8738000A3B9ED /* en */,
			);
			name = InfoPlist.strings;
			sourceTree = "<group>";
		};
/* End PBXVariantGroup section */

/* Begin XCBuildConfiguration section */
		2748FCFC17F8738000A3B9ED /* Debug */ = {
			isa = XCBuildConfiguration;
			buildSettings = {
				ALWAYS_SEARCH_USER_PATHS = NO;
				ARCHS = "$(ARCHS_STANDARD_INCLUDING_64_BIT)";
				CLANG_CXX_LANGUAGE_STANDARD = "gnu++0x";
				CLANG_CXX_LIBRARY = "libc++";
				CLANG_ENABLE_MODULES = YES;
				CLANG_ENABLE_OBJC_ARC = YES;
				CLANG_WARN_BOOL_CONVERSION = YES;
				CLANG_WARN_CONSTANT_CONVERSION = YES;
				CLANG_WARN_DIRECT_OBJC_ISA_USAGE = YES_ERROR;
				CLANG_WARN_EMPTY_BODY = YES;
				CLANG_WARN_ENUM_CONVERSION = YES;
				CLANG_WARN_INT_CONVERSION = YES;
				CLANG_WARN_OBJC_ROOT_CLASS = YES_ERROR;
				CLANG_WARN__DUPLICATE_METHOD_MATCH = YES;
				"CODE_SIGN_IDENTITY[sdk=iphoneos*]" = "iPhone Developer";
				COPY_PHASE_STRIP = NO;
				GCC_C_LANGUAGE_STANDARD = gnu99;
				GCC_DYNAMIC_NO_PIC = NO;
				GCC_OPTIMIZATION_LEVEL = 0;
				GCC_PREPROCESSOR_DEFINITIONS = (
					"DEBUG=1",
					"$(inherited)",
				);
				GCC_SYMBOLS_PRIVATE_EXTERN = NO;
				GCC_WARN_64_TO_32_BIT_CONVERSION = YES;
				GCC_WARN_ABOUT_RETURN_TYPE = YES_ERROR;
				GCC_WARN_UNDECLARED_SELECTOR = YES;
				GCC_WARN_UNINITIALIZED_AUTOS = YES;
				GCC_WARN_UNUSED_FUNCTION = YES;
				GCC_WARN_UNUSED_VARIABLE = YES;
				IPHONEOS_DEPLOYMENT_TARGET = 7.0;
				ONLY_ACTIVE_ARCH = YES;
				SDKROOT = iphoneos;
			};
			name = Debug;
		};
		2748FCFD17F8738000A3B9ED /* Release */ = {
			isa = XCBuildConfiguration;
			buildSettings = {
				ALWAYS_SEARCH_USER_PATHS = NO;
				ARCHS = "$(ARCHS_STANDARD_INCLUDING_64_BIT)";
				CLANG_CXX_LANGUAGE_STANDARD = "gnu++0x";
				CLANG_CXX_LIBRARY = "libc++";
				CLANG_ENABLE_MODULES = YES;
				CLANG_ENABLE_OBJC_ARC = YES;
				CLANG_WARN_BOOL_CONVERSION = YES;
				CLANG_WARN_CONSTANT_CONVERSION = YES;
				CLANG_WARN_DIRECT_OBJC_ISA_USAGE = YES_ERROR;
				CLANG_WARN_EMPTY_BODY = YES;
				CLANG_WARN_ENUM_CONVERSION = YES;
				CLANG_WARN_INT_CONVERSION = YES;
				CLANG_WARN_OBJC_ROOT_CLASS = YES_ERROR;
				CLANG_WARN__DUPLICATE_METHOD_MATCH = YES;
				"CODE_SIGN_IDENTITY[sdk=iphoneos*]" = "iPhone Developer";
				COPY_PHASE_STRIP = YES;
				ENABLE_NS_ASSERTIONS = NO;
				GCC_C_LANGUAGE_STANDARD = gnu99;
				GCC_WARN_64_TO_32_BIT_CONVERSION = YES;
				GCC_WARN_ABOUT_RETURN_TYPE = YES_ERROR;
				GCC_WARN_UNDECLARED_SELECTOR = YES;
				GCC_WARN_UNINITIALIZED_AUTOS = YES;
				GCC_WARN_UNUSED_FUNCTION = YES;
				GCC_WARN_UNUSED_VARIABLE = YES;
				IPHONEOS_DEPLOYMENT_TARGET = 7.0;
				SDKROOT = iphoneos;
				VALIDATE_PRODUCT = YES;
			};
			name = Release;
		};
		2748FCFF17F8738000A3B9ED /* Debug */ = {
			isa = XCBuildConfiguration;
			buildSettings = {
				ASSETCATALOG_COMPILER_APPICON_NAME = AppIcon;
				ASSETCATALOG_COMPILER_LAUNCHIMAGE_NAME = LaunchImage;
				GCC_PRECOMPILE_PREFIX_HEADER = YES;
				GCC_PREFIX_HEADER = "Keibo/Keibo-Prefix.pch";
				INFOPLIST_FILE = "Keibo/Keibo-Info.plist";
				LIBRARY_SEARCH_PATHS = "$(inherited)";
				"LIBRARY_SEARCH_PATHS[arch=*]" = "\"$(SRCROOT)/keibo/\"";
				OTHER_LDFLAGS = "-ObjC";
				PRODUCT_NAME = "$(TARGET_NAME)";
				WRAPPER_EXTENSION = app;
			};
			name = Debug;
		};
		2748FD0017F8738000A3B9ED /* Release */ = {
			isa = XCBuildConfiguration;
			buildSettings = {
				ASSETCATALOG_COMPILER_APPICON_NAME = AppIcon;
				ASSETCATALOG_COMPILER_LAUNCHIMAGE_NAME = LaunchImage;
				GCC_PRECOMPILE_PREFIX_HEADER = YES;
				GCC_PREFIX_HEADER = "Keibo/Keibo-Prefix.pch";
				INFOPLIST_FILE = "Keibo/Keibo-Info.plist";
				LIBRARY_SEARCH_PATHS = "$(inherited)";
				"LIBRARY_SEARCH_PATHS[arch=*]" = "\"$(SRCROOT)/keibo/\"";
				OTHER_LDFLAGS = "-ObjC";
				PRODUCT_NAME = "$(TARGET_NAME)";
				WRAPPER_EXTENSION = app;
			};
			name = Release;
		};
		2748FD0217F8738000A3B9ED /* Debug */ = {
			isa = XCBuildConfiguration;
			buildSettings = {
				ARCHS = "$(ARCHS_STANDARD_INCLUDING_64_BIT)";
				BUNDLE_LOADER = "$(BUILT_PRODUCTS_DIR)/Keibo.app/Keibo";
				FRAMEWORK_SEARCH_PATHS = (
					"$(SDKROOT)/Developer/Library/Frameworks",
					"$(inherited)",
					"$(DEVELOPER_FRAMEWORKS_DIR)",
				);
				GCC_PRECOMPILE_PREFIX_HEADER = YES;
				GCC_PREFIX_HEADER = "Keibo/Keibo-Prefix.pch";
				GCC_PREPROCESSOR_DEFINITIONS = (
					"DEBUG=1",
					"$(inherited)",
				);
				INFOPLIST_FILE = "KeiboTests/KeiboTests-Info.plist";
				PRODUCT_NAME = "$(TARGET_NAME)";
				TEST_HOST = "$(BUNDLE_LOADER)";
				WRAPPER_EXTENSION = xctest;
			};
			name = Debug;
		};
		2748FD0317F8738000A3B9ED /* Release */ = {
			isa = XCBuildConfiguration;
			buildSettings = {
				ARCHS = "$(ARCHS_STANDARD_INCLUDING_64_BIT)";
				BUNDLE_LOADER = "$(BUILT_PRODUCTS_DIR)/Keibo.app/Keibo";
				FRAMEWORK_SEARCH_PATHS = (
					"$(SDKROOT)/Developer/Library/Frameworks",
					"$(inherited)",
					"$(DEVELOPER_FRAMEWORKS_DIR)",
				);
				GCC_PRECOMPILE_PREFIX_HEADER = YES;
				GCC_PREFIX_HEADER = "Keibo/Keibo-Prefix.pch";
				INFOPLIST_FILE = "KeiboTests/KeiboTests-Info.plist";
				PRODUCT_NAME = "$(TARGET_NAME)";
				TEST_HOST = "$(BUNDLE_LOADER)";
				WRAPPER_EXTENSION = xctest;
			};
			name = Release;
		};
/* End XCBuildConfiguration section */

/* Begin XCConfigurationList section */
		2748FCC717F8738000A3B9ED /* Build configuration list for PBXProject "Keibo" */ = {
			isa = XCConfigurationList;
			buildConfigurations = (
				2748FCFC17F8738000A3B9ED /* Debug */,
				2748FCFD17F8738000A3B9ED /* Release */,
			);
			defaultConfigurationIsVisible = 0;
			defaultConfigurationName = Release;
		};
		2748FCFE17F8738000A3B9ED /* Build configuration list for PBXNativeTarget "Keibo" */ = {
			isa = XCConfigurationList;
			buildConfigurations = (
				2748FCFF17F8738000A3B9ED /* Debug */,
				2748FD0017F8738000A3B9ED /* Release */,
			);
			defaultConfigurationIsVisible = 0;
			defaultConfigurationName = Release;
		};
		2748FD0117F8738000A3B9ED /* Build configuration list for PBXNativeTarget "KeiboTests" */ = {
			isa = XCConfigurationList;
			buildConfigurations = (
				2748FD0217F8738000A3B9ED /* Debug */,
				2748FD0317F8738000A3B9ED /* Release */,
			);
			defaultConfigurationIsVisible = 0;
			defaultConfigurationName = Release;
		};
/* End XCConfigurationList section */
	};
	rootObject = 2748FCC417F8738000A3B9ED /* Project object */;
}
